{
  "originHash" : "b2e3183fc980d8344e9f48eb1a77483f2904848d443076d9b58504ba694ba70f",
  "pins" : [
    {
      "identity" : "fluidaudio",
      "kind" : "remoteSourceControl",
      "location" : "https://github.com/FluidInference/FluidAudio.git",
      "state" : {
        "revision" : "bdbff4d88afe12d1e70c7f3dc4301efb9281f853",
        "version" : "0.14.4"
      }
    }
  ],
  "version" : 3
}
